
Microsoft Visual Studio Solution File, Format Version 12.00
# Visual Studio 15
VisualStudioVersion = 15.0.28010.2003
MinimumVisualStudioVersion = 10.0.40219.1
Project("{FAE04EC0-301F-11D3-BF4B-00C04F79EFBC}") = "Door_control", "Door_control\Door_control.csproj", "{AC31E6FD-D683-4489-A57C-9026F3867D90}"
EndProject
Project("{FAE04EC0-301F-11D3-BF4B-00C04F79EFBC}") = "DoorControl.Test", "DoorControl.Test\DoorControl.Test.csproj", "{DB8F687A-D943-4CE5-A2E3-A333C32A8E32}"
EndProject
Project("{FAE04EC0-301F-11D3-BF4B-00C04F79EFBC}") = "DoorControl.NSub.Test", "DoorControl.NSub.Test\DoorControl.NSub.Test.csproj", "{B2D71CE5-B4FA-4834-8587-67D7CCD7819A}"
EndProject
Global
	GlobalSection(SolutionConfigurationPlatforms) = preSolution
		Debug|Any CPU = Debug|Any CPU
		Release|Any CPU = Release|Any CPU
	EndGlobalSection
	GlobalSection(ProjectConfigurationPlatforms) = postSolution
		{AC31E6FD-D683-4489-A57C-9026F3867D90}.Debug|Any CPU.ActiveCfg = Debug|Any CPU
		{AC31E6FD-D683-4489-A57C-9026F3867D90}.Debug|Any CPU.Build.0 = Debug|Any CPU
		{AC31E6FD-D683-4489-A57C-9026F3867D90}.Release|Any CPU.ActiveCfg = Release|Any CPU
		{AC31E6FD-D683-4489-A57C-9026F3867D90}.Release|Any CPU.Build.0 = Release|Any CPU
		{DB8F687A-D943-4CE5-A2E3-A333C32A8E32}.Debug|Any CPU.ActiveCfg = Debug|Any CPU
		{DB8F687A-D943-4CE5-A2E3-A333C32A8E32}.Debug|Any CPU.Build.0 = Debug|Any CPU
		{DB8F687A-D943-4CE5-A2E3-A333C32A8E32}.Release|Any CPU.ActiveCfg = Release|Any CPU
		{DB8F687A-D943-4CE5-A2E3-A333C32A8E32}.Release|Any CPU.Build.0 = Release|Any CPU
		{B2D71CE5-B4FA-4834-8587-67D7CCD7819A}.Debug|Any CPU.ActiveCfg = Debug|Any CPU
		{B2D71CE5-B4FA-4834-8587-67D7CCD7819A}.Debug|Any CPU.Build.0 = Debug|Any CPU
		{B2D71CE5-B4FA-4834-8587-67D7CCD7819A}.Release|Any CPU.ActiveCfg = Release|Any CPU
		{B2D71CE5-B4FA-4834-8587-67D7CCD7819A}.Release|Any CPU.Build.0 = Release|Any CPU
	EndGlobalSection
	GlobalSection(SolutionProperties) = preSolution
		HideSolutionNode = FALSE
	EndGlobalSection
	GlobalSection(ExtensibilityGlobals) = postSolution
		SolutionGuid = {A8BE7CF6-3E8D-479D-819F-3EC4D00BC555}
	EndGlobalSection
EndGlobal
